
Microsoft Visual Studio Solution File, Format Version 12.00
# Visual Studio Version 16
VisualStudioVersion = 16.0.30717.126
MinimumVisualStudioVersion = 10.0.40219.1
Project("{FAE04EC0-301F-11D3-BF4B-00C04F79EFBC}") = "AoC_2020", "AoC_2020\AoC_2020.csproj", "{0F848710-C3C3-4CD4-BC85-E2CE7C846153}"
EndProject
Global
	GlobalSection(SolutionConfigurationPlatforms) = preSolution
		Debug|Any CPU = Debug|Any CPU
		Release|Any CPU = Release|Any CPU
	EndGlobalSection
	GlobalSection(ProjectConfigurationPlatforms) = postSolution
		{0F848710-C3C3-4CD4-BC85-E2CE7C846153}.Debug|Any CPU.ActiveCfg = Debug|Any CPU
		{0F848710-C3C3-4CD4-BC85-E2CE7C846153}.Debug|Any CPU.Build.0 = Debug|Any CPU
		{0F848710-C3C3-4CD4-BC85-E2CE7C846153}.Release|Any CPU.ActiveCfg = Release|Any CPU
		{0F848710-C3C3-4CD4-BC85-E2CE7C846153}.Release|Any CPU.Build.0 = Release|Any CPU
	EndGlobalSection
	GlobalSection(SolutionProperties) = preSolution
		HideSolutionNode = FALSE
	EndGlobalSection
	GlobalSection(ExtensibilityGlobals) = postSolution
		SolutionGuid = {7509C9DF-17B9-4222-BE10-CB03556ACD4A}
	EndGlobalSection
EndGlobal
